
Microsoft Visual Studio Solution File, Format Version 12.00
# Visual Studio Version 17
VisualStudioVersion = 17.3.32929.385
MinimumVisualStudioVersion = 10.0.40219.1
Project("{9A19103F-16F7-4668-BE54-9A1E7A4F7556}") = "EmployeeInformation.WPF", "EmployeeInformation.WPF\EmployeeInformation.WPF.csproj", "{C52BD85F-B2B1-45E7-9E9A-15D811B870CA}"
EndProject
Project("{9A19103F-16F7-4668-BE54-9A1E7A4F7556}") = "EmployeeInformation.EF", "EmployeeInformation.EF\EmployeeInformation.EF.csproj", "{633A4BAD-07D4-49FA-BE3A-9C482222F4FA}"
EndProject
Project("{9A19103F-16F7-4668-BE54-9A1E7A4F7556}") = "EmployeeInformation.Domain", "EmployeeInformation.Domain\EmployeeInformation.Domain.csproj", "{8695109E-7C3D-4A15-8077-9CA0A6C10DC7}"
EndProject
Project("{54435603-DBB4-11D2-8724-00A0C9A8B90C}") = "EmployeeInformationSetup", "EmployeeInformationSetup\EmployeeInformationSetup.vdproj", "{F6ED612B-B336-4E64-A3B6-8D328E342599}"
EndProject
Global
	GlobalSection(SolutionConfigurationPlatforms) = preSolution
		Debug|Any CPU = Debug|Any CPU
		Release|Any CPU = Release|Any CPU
	EndGlobalSection
	GlobalSection(ProjectConfigurationPlatforms) = postSolution
		{C52BD85F-B2B1-45E7-9E9A-15D811B870CA}.Debug|Any CPU.ActiveCfg = Debug|Any CPU
		{C52BD85F-B2B1-45E7-9E9A-15D811B870CA}.Debug|Any CPU.Build.0 = Debug|Any CPU
		{C52BD85F-B2B1-45E7-9E9A-15D811B870CA}.Release|Any CPU.ActiveCfg = Release|Any CPU
		{C52BD85F-B2B1-45E7-9E9A-15D811B870CA}.Release|Any CPU.Build.0 = Release|Any CPU
		{633A4BAD-07D4-49FA-BE3A-9C482222F4FA}.Debug|Any CPU.ActiveCfg = Debug|Any CPU
		{633A4BAD-07D4-49FA-BE3A-9C482222F4FA}.Debug|Any CPU.Build.0 = Debug|Any CPU
		{633A4BAD-07D4-49FA-BE3A-9C482222F4FA}.Release|Any CPU.ActiveCfg = Release|Any CPU
		{633A4BAD-07D4-49FA-BE3A-9C482222F4FA}.Release|Any CPU.Build.0 = Release|Any CPU
		{8695109E-7C3D-4A15-8077-9CA0A6C10DC7}.Debug|Any CPU.ActiveCfg = Debug|Any CPU
		{8695109E-7C3D-4A15-8077-9CA0A6C10DC7}.Debug|Any CPU.Build.0 = Debug|Any CPU
		{8695109E-7C3D-4A15-8077-9CA0A6C10DC7}.Release|Any CPU.ActiveCfg = Release|Any CPU
		{8695109E-7C3D-4A15-8077-9CA0A6C10DC7}.Release|Any CPU.Build.0 = Release|Any CPU
		{F6ED612B-B336-4E64-A3B6-8D328E342599}.Debug|Any CPU.ActiveCfg = Debug
		{F6ED612B-B336-4E64-A3B6-8D328E342599}.Release|Any CPU.ActiveCfg = Release
	EndGlobalSection
	GlobalSection(SolutionProperties) = preSolution
		HideSolutionNode = FALSE
	EndGlobalSection
	GlobalSection(ExtensibilityGlobals) = postSolution
		SolutionGuid = {F64C5646-FD7E-4850-AF3E-E96264FADC1C}
	EndGlobalSection
EndGlobal
